
Microsoft Visual Studio Solution File, Format Version 12.00
# Visual Studio Version 17
VisualStudioVersion = 17.3.32929.385
MinimumVisualStudioVersion = 10.0.40219.1
Project("{FAE04EC0-301F-11D3-BF4B-00C04F79EFBC}") = "ProdutoEstoqueApi", "ProdutoEstoqueApi.csproj", "{5835032B-528C-4C59-8096-46053809A1D4}"
EndProject
Global
	GlobalSection(SolutionConfigurationPlatforms) = preSolution
		Debug|Any CPU = Debug|Any CPU
		Release|Any CPU = Release|Any CPU
	EndGlobalSection
	GlobalSection(ProjectConfigurationPlatforms) = postSolution
		{5835032B-528C-4C59-8096-46053809A1D4}.Debug|Any CPU.ActiveCfg = Debug|Any CPU
		{5835032B-528C-4C59-8096-46053809A1D4}.Debug|Any CPU.Build.0 = Debug|Any CPU
		{5835032B-528C-4C59-8096-46053809A1D4}.Release|Any CPU.ActiveCfg = Release|Any CPU
		{5835032B-528C-4C59-8096-46053809A1D4}.Release|Any CPU.Build.0 = Release|Any CPU
	EndGlobalSection
	GlobalSection(SolutionProperties) = preSolution
		HideSolutionNode = FALSE
	EndGlobalSection
	GlobalSection(ExtensibilityGlobals) = postSolution
		SolutionGuid = {48EA3E9E-CFA8-4AED-BCD2-0CBA201DBC79}
	EndGlobalSection
EndGlobal
